{
  "version": 4,
  "terraform_version": "0.12.24",
  "serial": 328,
  "lineage": "447b9bb4-930f-1d0d-8a91-532e6650f497",
  "outputs": {
    "apiUrl": {
      "value": "https://5c6vzaxpt1.execute-api.eu-central-1.amazonaws.com/dev",
      "type": "string"
    },
    "websiteEndpoint": {
      "value": "http://my-users-app-capstone-2020.s3-website.eu-central-1.amazonaws.com",
      "type": "string"
    }
  },
  "resources": [
    {
      "module": "module.lambda",
      "mode": "data",
      "type": "archive_file",
      "name": "lambda",
      "provider": "provider.archive",
      "instances": [
        {
          "schema_version": 0,
          "attributes": {
            "excludes": null,
            "id": "366de97f310c887b03050433ffbabca96c6c5577",
            "output_base64sha256": "btN1DinAAcFJhGIEEr2A+v5CBBDHLF5RwG8d8+1s234=",
            "output_md5": "8051c29c94f7b49b65a05afdef375f14",
            "output_path": "./lambda_function_payload.zip",
            "output_sha": "366de97f310c887b03050433ffbabca96c6c5577",
            "output_size": 18857469,
            "source": [],
            "source_content": null,
            "source_content_filename": null,
            "source_dir": "../app/server",
            "source_file": null,
            "type": "zip"
          }
        }
      ]
    },
    {
      "module": "module.apiGateway",
      "mode": "managed",
      "type": "aws_api_gateway_deployment",
      "name": "api_deployment",
      "provider": "provider.aws",
      "instances": [
        {
          "schema_version": 0,
          "attributes": {
            "created_date": "2020-04-06T23:37:37Z",
            "description": "",
            "execution_arn": "arn:aws:execute-api:eu-central-1:044552942866:5c6vzaxpt1/dev",
            "id": "b9ubha",
            "invoke_url": "https://5c6vzaxpt1.execute-api.eu-central-1.amazonaws.com/dev",
            "rest_api_id": "5c6vzaxpt1",
            "stage_description": null,
            "stage_name": "dev",
            "variables": null
          },
          "private": "bnVsbA==",
          "dependencies": [
            "module.apiGateway.aws_api_gateway_integration.integration",
            "module.apiGateway.aws_api_gateway_method.api_method_any",
            "module.apiGateway.aws_api_gateway_resource.api_resource",
            "module.apiGateway.aws_api_gateway_rest_api.api",
            "module.lambda.aws_iam_role.iam_for_lambda",
            "module.lambda.aws_lambda_function.lambda_function"
          ]
        }
      ]
    },
    {
      "module": "module.apiGateway",
      "mode": "managed",
      "type": "aws_api_gateway_integration",
      "name": "integration",
      "provider": "provider.aws",
      "instances": [
        {
          "schema_version": 0,
          "attributes": {
            "cache_key_parameters": null,
            "cache_namespace": "k7azd8",
            "connection_id": "",
            "connection_type": "INTERNET",
            "content_handling": "",
            "credentials": "",
            "http_method": "ANY",
            "id": "agi-5c6vzaxpt1-k7azd8-ANY",
            "integration_http_method": "POST",
            "passthrough_behavior": "WHEN_NO_MATCH",
            "request_parameters": null,
            "request_parameters_in_json": null,
            "request_templates": null,
            "resource_id": "k7azd8",
            "rest_api_id": "5c6vzaxpt1",
            "timeout_milliseconds": 29000,
            "type": "AWS_PROXY",
            "uri": "arn:aws:apigateway:eu-central-1:lambda:path/2015-03-31/functions/arn:aws:lambda:eu-central-1:044552942866:function:usersApi/invocations"
          },
          "private": "bnVsbA==",
          "dependencies": [
            "module.apiGateway.aws_api_gateway_method.api_method_any",
            "module.apiGateway.aws_api_gateway_resource.api_resource",
            "module.apiGateway.aws_api_gateway_rest_api.api",
            "module.lambda.aws_iam_role.iam_for_lambda",
            "module.lambda.aws_lambda_function.lambda_function"
          ]
        }
      ]
    },
    {
      "module": "module.apiGateway",
      "mode": "managed",
      "type": "aws_api_gateway_integration_response",
      "name": "integration_response",
      "provider": "provider.aws",
      "instances": [
        {
          "schema_version": 0,
          "attributes": {
            "content_handling": "",
            "http_method": "ANY",
            "id": "agir-5c6vzaxpt1-k7azd8-ANY-200",
            "resource_id": "k7azd8",
            "response_parameters": null,
            "response_parameters_in_json": null,
            "response_templates": null,
            "rest_api_id": "5c6vzaxpt1",
            "selection_pattern": "",
            "status_code": "200"
          },
          "private": "bnVsbA==",
          "dependencies": [
            "module.apiGateway.aws_api_gateway_integration.integration",
            "module.apiGateway.aws_api_gateway_method.api_method_any",
            "module.apiGateway.aws_api_gateway_method_response.response_200",
            "module.apiGateway.aws_api_gateway_resource.api_resource",
            "module.apiGateway.aws_api_gateway_rest_api.api",
            "module.lambda.aws_iam_role.iam_for_lambda",
            "module.lambda.aws_lambda_function.lambda_function"
          ]
        }
      ]
    },
    {
      "module": "module.apiGateway",
      "mode": "managed",
      "type": "aws_api_gateway_method",
      "name": "api_method_any",
      "provider": "provider.aws",
      "instances": [
        {
          "schema_version": 0,
          "attributes": {
            "api_key_required": false,
            "authorization": "NONE",
            "authorization_scopes": null,
            "authorizer_id": null,
            "http_method": "ANY",
            "id": "agm-5c6vzaxpt1-k7azd8-ANY",
            "request_models": null,
            "request_parameters": null,
            "request_parameters_in_json": null,
            "request_validator_id": null,
            "resource_id": "k7azd8",
            "rest_api_id": "5c6vzaxpt1"
          },
          "private": "bnVsbA==",
          "dependencies": [
            "module.apiGateway.aws_api_gateway_resource.api_resource",
            "module.apiGateway.aws_api_gateway_rest_api.api"
          ]
        }
      ]
    },
    {
      "module": "module.apiGateway",
      "mode": "managed",
      "type": "aws_api_gateway_method_response",
      "name": "response_200",
      "provider": "provider.aws",
      "instances": [
        {
          "schema_version": 0,
          "attributes": {
            "http_method": "ANY",
            "id": "agmr-5c6vzaxpt1-k7azd8-ANY-200",
            "resource_id": "k7azd8",
            "response_models": null,
            "response_parameters": null,
            "response_parameters_in_json": null,
            "rest_api_id": "5c6vzaxpt1",
            "status_code": "200"
          },
          "private": "bnVsbA==",
          "dependencies": [
            "module.apiGateway.aws_api_gateway_method.api_method_any",
            "module.apiGateway.aws_api_gateway_resource.api_resource",
            "module.apiGateway.aws_api_gateway_rest_api.api"
          ]
        }
      ]
    },
    {
      "module": "module.apiGateway",
      "mode": "managed",
      "type": "aws_api_gateway_resource",
      "name": "api_resource",
      "provider": "provider.aws",
      "instances": [
        {
          "schema_version": 0,
          "attributes": {
            "id": "k7azd8",
            "parent_id": "dn9hict0q2",
            "path": "/{proxy+}",
            "path_part": "{proxy+}",
            "rest_api_id": "5c6vzaxpt1"
          },
          "private": "bnVsbA==",
          "dependencies": [
            "module.apiGateway.aws_api_gateway_rest_api.api"
          ]
        }
      ]
    },
    {
      "module": "module.apiGateway",
      "mode": "managed",
      "type": "aws_api_gateway_rest_api",
      "name": "api",
      "provider": "provider.aws",
      "instances": [
        {
          "schema_version": 0,
          "attributes": {
            "api_key_source": "HEADER",
            "arn": "arn:aws:apigateway:eu-central-1::/restapis/5c6vzaxpt1",
            "binary_media_types": null,
            "body": null,
            "created_date": "2020-04-06T23:37:17Z",
            "description": "",
            "endpoint_configuration": [
              {
                "types": [
                  "REGIONAL"
                ],
                "vpc_endpoint_ids": null
              }
            ],
            "execution_arn": "arn:aws:execute-api:eu-central-1:044552942866:5c6vzaxpt1",
            "id": "5c6vzaxpt1",
            "minimum_compression_size": -1,
            "name": "UsersApi",
            "policy": "",
            "root_resource_id": "dn9hict0q2",
            "tags": {
              "entity": "home"
            }
          },
          "private": "bnVsbA=="
        }
      ]
    },
    {
      "module": "module.lambda",
      "mode": "managed",
      "type": "aws_iam_role",
      "name": "iam_for_lambda",
      "provider": "provider.aws",
      "instances": [
        {
          "schema_version": 0,
          "attributes": {
            "arn": "arn:aws:iam::044552942866:role/iam_for_lambda",
            "assume_role_policy": "{\"Version\":\"2012-10-17\",\"Statement\":[{\"Sid\":\"\",\"Effect\":\"Allow\",\"Principal\":{\"Service\":\"lambda.amazonaws.com\"},\"Action\":\"sts:AssumeRole\"}]}",
            "create_date": "2020-04-06T23:37:17Z",
            "description": "",
            "force_detach_policies": false,
            "id": "iam_for_lambda",
            "max_session_duration": 3600,
            "name": "iam_for_lambda",
            "name_prefix": null,
            "path": "/",
            "permissions_boundary": null,
            "tags": null,
            "unique_id": "AROAQUX4P6UJBIQ4RMZUY"
          },
          "private": "bnVsbA=="
        }
      ]
    },
    {
      "module": "module.lambda",
      "mode": "managed",
      "type": "aws_lambda_function",
      "name": "lambda_function",
      "provider": "provider.aws",
      "instances": [
        {
          "schema_version": 0,
          "attributes": {
            "arn": "arn:aws:lambda:eu-central-1:044552942866:function:usersApi",
            "dead_letter_config": [],
            "description": "",
            "environment": [],
            "filename": "lambda_function_payload.zip",
            "function_name": "usersApi",
            "handler": "lambda.handler",
            "id": "usersApi",
            "invoke_arn": "arn:aws:apigateway:eu-central-1:lambda:path/2015-03-31/functions/arn:aws:lambda:eu-central-1:044552942866:function:usersApi/invocations",
            "kms_key_arn": "",
            "last_modified": "2020-04-06T23:37:30.808+0000",
            "layers": null,
            "memory_size": 128,
            "publish": false,
            "qualified_arn": "arn:aws:lambda:eu-central-1:044552942866:function:usersApi:$LATEST",
            "reserved_concurrent_executions": -1,
            "role": "arn:aws:iam::044552942866:role/iam_for_lambda",
            "runtime": "nodejs12.x",
            "s3_bucket": null,
            "s3_key": null,
            "s3_object_version": null,
            "source_code_hash": "btN1DinAAcFJhGIEEr2A+v5CBBDHLF5RwG8d8+1s234=",
            "source_code_size": 18857469,
            "tags": {
              "entity": "home"
            },
            "timeout": 3,
            "timeouts": null,
            "tracing_config": [
              {
                "mode": "PassThrough"
              }
            ],
            "version": "$LATEST",
            "vpc_config": []
          },
          "private": "eyJlMmJmYjczMC1lY2FhLTExZTYtOGY4OC0zNDM2M2JjN2M0YzAiOnsiY3JlYXRlIjo2MDAwMDAwMDAwMDB9fQ==",
          "dependencies": [
            "module.lambda.aws_iam_role.iam_for_lambda"
          ]
        }
      ]
    },
    {
      "module": "module.apiGateway",
      "mode": "managed",
      "type": "aws_lambda_permission",
      "name": "apigw_lambda",
      "provider": "provider.aws",
      "instances": [
        {
          "schema_version": 0,
          "attributes": {
            "action": "lambda:InvokeFunction",
            "event_source_token": null,
            "function_name": "usersApi",
            "id": "AllowExecutionFromAPIGateway",
            "principal": "apigateway.amazonaws.com",
            "qualifier": "",
            "source_account": null,
            "source_arn": "arn:aws:execute-api:eu-central-1:044552942866:5c6vzaxpt1/*/*/*",
            "statement_id": "AllowExecutionFromAPIGateway",
            "statement_id_prefix": null
          },
          "private": "bnVsbA==",
          "dependencies": [
            "module.apiGateway.aws_api_gateway_rest_api.api",
            "module.lambda.aws_iam_role.iam_for_lambda",
            "module.lambda.aws_lambda_function.lambda_function"
          ]
        }
      ]
    },
    {
      "module": "module.s3",
      "mode": "managed",
      "type": "aws_s3_bucket",
      "name": "s3_bucket",
      "provider": "provider.aws",
      "instances": [
        {
          "schema_version": 0,
          "attributes": {
            "acceleration_status": "",
            "acl": "private",
            "arn": "arn:aws:s3:::my-users-app-capstone-2020",
            "bucket": "my-users-app-capstone-2020",
            "bucket_domain_name": "my-users-app-capstone-2020.s3.amazonaws.com",
            "bucket_prefix": null,
            "bucket_regional_domain_name": "my-users-app-capstone-2020.s3.eu-central-1.amazonaws.com",
            "cors_rule": [],
            "force_destroy": true,
            "grant": [],
            "hosted_zone_id": "Z21DNDUVLTQW6Q",
            "id": "my-users-app-capstone-2020",
            "lifecycle_rule": [],
            "logging": [],
            "object_lock_configuration": [],
            "policy": null,
            "region": "eu-central-1",
            "replication_configuration": [],
            "request_payer": "BucketOwner",
            "server_side_encryption_configuration": [],
            "tags": {
              "entity": "home"
            },
            "versioning": [
              {
                "enabled": false,
                "mfa_delete": false
              }
            ],
            "website": [
              {
                "error_document": "",
                "index_document": "index.html",
                "redirect_all_requests_to": "",
                "routing_rules": ""
              }
            ],
            "website_domain": "s3-website.eu-central-1.amazonaws.com",
            "website_endpoint": "my-users-app-capstone-2020.s3-website.eu-central-1.amazonaws.com"
          },
          "private": "bnVsbA==",
          "dependencies": [
            "module.apiGateway.aws_api_gateway_deployment.api_deployment",
            "module.apiGateway.aws_api_gateway_integration.integration",
            "module.apiGateway.aws_api_gateway_method.api_method_any",
            "module.apiGateway.aws_api_gateway_resource.api_resource",
            "module.apiGateway.aws_api_gateway_rest_api.api",
            "module.lambda.aws_iam_role.iam_for_lambda",
            "module.lambda.aws_lambda_function.lambda_function"
          ]
        }
      ]
    },
    {
      "module": "module.s3",
      "mode": "managed",
      "type": "null_resource",
      "name": "upload_to_s3",
      "provider": "provider.null",
      "instances": [
        {
          "schema_version": 0,
          "attributes": {
            "id": "2525364774515494928",
            "triggers": {
              "uuid": "19f59676-0783-9ecd-5837-7d0b6f79c0a5"
            }
          },
          "private": "bnVsbA==",
          "dependencies": [
            "module.apiGateway.aws_api_gateway_deployment.api_deployment",
            "module.apiGateway.aws_api_gateway_integration.integration",
            "module.apiGateway.aws_api_gateway_method.api_method_any",
            "module.apiGateway.aws_api_gateway_resource.api_resource",
            "module.apiGateway.aws_api_gateway_rest_api.api",
            "module.lambda.aws_iam_role.iam_for_lambda",
            "module.lambda.aws_lambda_function.lambda_function",
            "module.s3.aws_s3_bucket.s3_bucket"
          ]
        }
      ]
    }
  ]
}
